PODS:
  - FBSnapshotTestCase (2.1.4):
    - FBSnapshotTestCase/SwiftSupport (= 2.1.4)
  - FBSnapshotTestCase/Core (2.1.4)
  - FBSnapshotTestCase/SwiftSupport (2.1.4):
    - FBSnapshotTestCase/Core
  - ZBTNetworkings (0.1.0)

DEPENDENCIES:
  - FBSnapshotTestCase
  - ZBTNetworkings (from `../`)

SPEC REPOS:
  https://github.com/cocoapods/specs.git:
    - FBSnapshotTestCase

EXTERNAL SOURCES:
  ZBTNetworkings:
    :path: "../"

SPEC CHECKSUMS:
  FBSnapshotTestCase: 094f9f314decbabe373b87cc339bea235a63e07a
  ZBTNetworkings: 8f27654dc097d0fa98fd8e7c231fb6ff8d0cfec1

PODFILE CHECKSUM: 630b56d8349eefbd5c20928afde0551f0490c954

COCOAPODS: 1.7.5
